
Microsoft Visual Studio Solution File, Format Version 12.00
# Visual Studio Version 16
VisualStudioVersion = 16.0.29920.165
MinimumVisualStudioVersion = 10.0.40219.1
Project("{9A19103F-16F7-4668-BE54-9A1E7A4F7556}") = "RxDemo", "RxDemo\RxDemo.csproj", "{F43F4A0A-4BDC-4635-B6A5-FF0E977A8CAD}"
EndProject
Project("{6EC3EE1D-3C4E-46DD-8F32-0CC8E7565705}") = "MyDataTypes", "MyDataTypes\MyDataTypes.fsproj", "{215C3925-CD7F-409C-AB37-2B82C0DC577F}"
EndProject
Project("{FAE04EC0-301F-11D3-BF4B-00C04F79EFBC}") = "Tests", "Tests\Tests.csproj", "{6CBA1FBF-2BA1-4DFD-B7EF-12C5FC9003B6}"
EndProject
Global
	GlobalSection(SolutionConfigurationPlatforms) = preSolution
		Debug|Any CPU = Debug|Any CPU
		Release|Any CPU = Release|Any CPU
	EndGlobalSection
	GlobalSection(ProjectConfigurationPlatforms) = postSolution
		{F43F4A0A-4BDC-4635-B6A5-FF0E977A8CAD}.Debug|Any CPU.ActiveCfg = Debug|Any CPU
		{F43F4A0A-4BDC-4635-B6A5-FF0E977A8CAD}.Debug|Any CPU.Build.0 = Debug|Any CPU
		{F43F4A0A-4BDC-4635-B6A5-FF0E977A8CAD}.Release|Any CPU.ActiveCfg = Release|Any CPU
		{F43F4A0A-4BDC-4635-B6A5-FF0E977A8CAD}.Release|Any CPU.Build.0 = Release|Any CPU
		{215C3925-CD7F-409C-AB37-2B82C0DC577F}.Debug|Any CPU.ActiveCfg = Debug|Any CPU
		{215C3925-CD7F-409C-AB37-2B82C0DC577F}.Debug|Any CPU.Build.0 = Debug|Any CPU
		{215C3925-CD7F-409C-AB37-2B82C0DC577F}.Release|Any CPU.ActiveCfg = Release|Any CPU
		{215C3925-CD7F-409C-AB37-2B82C0DC577F}.Release|Any CPU.Build.0 = Release|Any CPU
		{6CBA1FBF-2BA1-4DFD-B7EF-12C5FC9003B6}.Debug|Any CPU.ActiveCfg = Debug|Any CPU
		{6CBA1FBF-2BA1-4DFD-B7EF-12C5FC9003B6}.Debug|Any CPU.Build.0 = Debug|Any CPU
		{6CBA1FBF-2BA1-4DFD-B7EF-12C5FC9003B6}.Release|Any CPU.ActiveCfg = Release|Any CPU
		{6CBA1FBF-2BA1-4DFD-B7EF-12C5FC9003B6}.Release|Any CPU.Build.0 = Release|Any CPU
	EndGlobalSection
	GlobalSection(SolutionProperties) = preSolution
		HideSolutionNode = FALSE
	EndGlobalSection
	GlobalSection(ExtensibilityGlobals) = postSolution
		SolutionGuid = {CC1220AB-3090-42D2-B08A-020AFC7B162D}
	EndGlobalSection
EndGlobal
